
Microsoft Visual Studio Solution File, Format Version 12.00
# Visual Studio Version 17
VisualStudioVersion = 17.6.33829.357
MinimumVisualStudioVersion = 10.0.40219.1
Project("{9A19103F-16F7-4668-BE54-9A1E7A4F7556}") = "Entidades", "Entidades\Entidades.csproj", "{C4BBCB1C-3986-4BC0-B5A9-DC8FDBF3C904}"
EndProject
Project("{9A19103F-16F7-4668-BE54-9A1E7A4F7556}") = "C01_EstadisticaDeportiva", "C01_EstadisticaDeportiva\C01_EstadisticaDeportiva.csproj", "{17BA0D0D-26B1-4BBC-97EB-07E59195B964}"
EndProject
Project("{9A19103F-16F7-4668-BE54-9A1E7A4F7556}") = "C02_EnciendanSusMotores", "C02_EnciendanSusMotores\C02_EnciendanSusMotores.csproj", "{EB60FB50-8FB3-4041-9651-A5A0B0A8D917}"
EndProject
Project("{FAE04EC0-301F-11D3-BF4B-00C04F79EFBC}") = "I01Numeros_Locos", "I01Numeros_Locos\I01Numeros_Locos.csproj", "{816B3C00-E7AD-4990-AA7F-96153429A0EA}"
EndProject
Project("{FAE04EC0-301F-11D3-BF4B-00C04F79EFBC}") = "I02Numeros_Locos_II", "I02Numeros_Locos_II\I02Numeros_Locos_II.csproj", "{22FE7BD3-9D5F-43DD-A19C-38734CD3C4FB}"
EndProject
Project("{FAE04EC0-301F-11D3-BF4B-00C04F79EFBC}") = "C03_Maquina_exprimidora", "C03_Maquina_exprimidora\C03_Maquina_exprimidora.csproj", "{D55ECE8E-EF1B-4F38-ABC7-AB902ECD4B92}"
EndProject
Global
	GlobalSection(SolutionConfigurationPlatforms) = preSolution
		Debug|Any CPU = Debug|Any CPU
		Release|Any CPU = Release|Any CPU
	EndGlobalSection
	GlobalSection(ProjectConfigurationPlatforms) = postSolution
		{C4BBCB1C-3986-4BC0-B5A9-DC8FDBF3C904}.Debug|Any CPU.ActiveCfg = Debug|Any CPU
		{C4BBCB1C-3986-4BC0-B5A9-DC8FDBF3C904}.Debug|Any CPU.Build.0 = Debug|Any CPU
		{C4BBCB1C-3986-4BC0-B5A9-DC8FDBF3C904}.Release|Any CPU.ActiveCfg = Release|Any CPU
		{C4BBCB1C-3986-4BC0-B5A9-DC8FDBF3C904}.Release|Any CPU.Build.0 = Release|Any CPU
		{17BA0D0D-26B1-4BBC-97EB-07E59195B964}.Debug|Any CPU.ActiveCfg = Debug|Any CPU
		{17BA0D0D-26B1-4BBC-97EB-07E59195B964}.Debug|Any CPU.Build.0 = Debug|Any CPU
		{17BA0D0D-26B1-4BBC-97EB-07E59195B964}.Release|Any CPU.ActiveCfg = Release|Any CPU
		{17BA0D0D-26B1-4BBC-97EB-07E59195B964}.Release|Any CPU.Build.0 = Release|Any CPU
		{EB60FB50-8FB3-4041-9651-A5A0B0A8D917}.Debug|Any CPU.ActiveCfg = Debug|Any CPU
		{EB60FB50-8FB3-4041-9651-A5A0B0A8D917}.Debug|Any CPU.Build.0 = Debug|Any CPU
		{EB60FB50-8FB3-4041-9651-A5A0B0A8D917}.Release|Any CPU.ActiveCfg = Release|Any CPU
		{EB60FB50-8FB3-4041-9651-A5A0B0A8D917}.Release|Any CPU.Build.0 = Release|Any CPU
		{816B3C00-E7AD-4990-AA7F-96153429A0EA}.Debug|Any CPU.ActiveCfg = Debug|Any CPU
		{816B3C00-E7AD-4990-AA7F-96153429A0EA}.Debug|Any CPU.Build.0 = Debug|Any CPU
		{816B3C00-E7AD-4990-AA7F-96153429A0EA}.Release|Any CPU.ActiveCfg = Release|Any CPU
		{816B3C00-E7AD-4990-AA7F-96153429A0EA}.Release|Any CPU.Build.0 = Release|Any CPU
		{22FE7BD3-9D5F-43DD-A19C-38734CD3C4FB}.Debug|Any CPU.ActiveCfg = Debug|Any CPU
		{22FE7BD3-9D5F-43DD-A19C-38734CD3C4FB}.Debug|Any CPU.Build.0 = Debug|Any CPU
		{22FE7BD3-9D5F-43DD-A19C-38734CD3C4FB}.Release|Any CPU.ActiveCfg = Release|Any CPU
		{22FE7BD3-9D5F-43DD-A19C-38734CD3C4FB}.Release|Any CPU.Build.0 = Release|Any CPU
		{D55ECE8E-EF1B-4F38-ABC7-AB902ECD4B92}.Debug|Any CPU.ActiveCfg = Debug|Any CPU
		{D55ECE8E-EF1B-4F38-ABC7-AB902ECD4B92}.Debug|Any CPU.Build.0 = Debug|Any CPU
		{D55ECE8E-EF1B-4F38-ABC7-AB902ECD4B92}.Release|Any CPU.ActiveCfg = Release|Any CPU
		{D55ECE8E-EF1B-4F38-ABC7-AB902ECD4B92}.Release|Any CPU.Build.0 = Release|Any CPU
	EndGlobalSection
	GlobalSection(SolutionProperties) = preSolution
		HideSolutionNode = FALSE
	EndGlobalSection
	GlobalSection(ExtensibilityGlobals) = postSolution
		SolutionGuid = {8BA84017-889C-45C1-89E5-2CEF87A96F57}
	EndGlobalSection
EndGlobal
