
Microsoft Visual Studio Solution File, Format Version 12.00
# Visual Studio Version 17
VisualStudioVersion = 17.6.33829.357
MinimumVisualStudioVersion = 10.0.40219.1
Project("{9A19103F-16F7-4668-BE54-9A1E7A4F7556}") = "Entidades", "Entidades\Entidades.csproj", "{5509C15D-0D8F-4D0E-BAD9-CA59D2E85025}"
EndProject
Project("{FAE04EC0-301F-11D3-BF4B-00C04F79EFBC}") = "Prueba", "Prueba\Prueba.csproj", "{C4E4A14F-132F-407D-B039-BA8E0F798F0B}"
EndProject
Global
	GlobalSection(SolutionConfigurationPlatforms) = preSolution
		Debug|Any CPU = Debug|Any CPU
		Release|Any CPU = Release|Any CPU
	EndGlobalSection
	GlobalSection(ProjectConfigurationPlatforms) = postSolution
		{5509C15D-0D8F-4D0E-BAD9-CA59D2E85025}.Debug|Any CPU.ActiveCfg = Debug|Any CPU
		{5509C15D-0D8F-4D0E-BAD9-CA59D2E85025}.Debug|Any CPU.Build.0 = Debug|Any CPU
		{5509C15D-0D8F-4D0E-BAD9-CA59D2E85025}.Release|Any CPU.ActiveCfg = Release|Any CPU
		{5509C15D-0D8F-4D0E-BAD9-CA59D2E85025}.Release|Any CPU.Build.0 = Release|Any CPU
		{C4E4A14F-132F-407D-B039-BA8E0F798F0B}.Debug|Any CPU.ActiveCfg = Debug|Any CPU
		{C4E4A14F-132F-407D-B039-BA8E0F798F0B}.Debug|Any CPU.Build.0 = Debug|Any CPU
		{C4E4A14F-132F-407D-B039-BA8E0F798F0B}.Release|Any CPU.ActiveCfg = Release|Any CPU
		{C4E4A14F-132F-407D-B039-BA8E0F798F0B}.Release|Any CPU.Build.0 = Release|Any CPU
	EndGlobalSection
	GlobalSection(SolutionProperties) = preSolution
		HideSolutionNode = FALSE
	EndGlobalSection
	GlobalSection(ExtensibilityGlobals) = postSolution
		SolutionGuid = {B72B0CF7-8E22-42BA-867A-7A083D55B7A2}
	EndGlobalSection
EndGlobal
