
Microsoft Visual Studio Solution File, Format Version 12.00
# Visual Studio Version 17
VisualStudioVersion = 17.6.33829.357
MinimumVisualStudioVersion = 10.0.40219.1
Project("{9A19103F-16F7-4668-BE54-9A1E7A4F7556}") = "I01_sobre_sobrescribiendo", "I01_sobre_sobrescribiendo\I01_sobre_sobrescribiendo.csproj", "{00DB2D6A-7E71-48E2-9C5A-5529CD14A075}"
EndProject
Project("{FAE04EC0-301F-11D3-BF4B-00C04F79EFBC}") = "EntidadesCentralita", "EntidadesCentralita\EntidadesCentralita.csproj", "{078F842B-5CF2-4F30-8F87-B0C47BAE7836}"
EndProject
Project("{FAE04EC0-301F-11D3-BF4B-00C04F79EFBC}") = "C01_LaCentralita2", "C01_LaCentralita2\C01_LaCentralita2.csproj", "{885D10A9-85A8-4B4C-9CA0-DFB3127FE402}"
EndProject
Global
	GlobalSection(SolutionConfigurationPlatforms) = preSolution
		Debug|Any CPU = Debug|Any CPU
		Release|Any CPU = Release|Any CPU
	EndGlobalSection
	GlobalSection(ProjectConfigurationPlatforms) = postSolution
		{00DB2D6A-7E71-48E2-9C5A-5529CD14A075}.Debug|Any CPU.ActiveCfg = Debug|Any CPU
		{00DB2D6A-7E71-48E2-9C5A-5529CD14A075}.Debug|Any CPU.Build.0 = Debug|Any CPU
		{00DB2D6A-7E71-48E2-9C5A-5529CD14A075}.Release|Any CPU.ActiveCfg = Release|Any CPU
		{00DB2D6A-7E71-48E2-9C5A-5529CD14A075}.Release|Any CPU.Build.0 = Release|Any CPU
		{078F842B-5CF2-4F30-8F87-B0C47BAE7836}.Debug|Any CPU.ActiveCfg = Debug|Any CPU
		{078F842B-5CF2-4F30-8F87-B0C47BAE7836}.Debug|Any CPU.Build.0 = Debug|Any CPU
		{078F842B-5CF2-4F30-8F87-B0C47BAE7836}.Release|Any CPU.ActiveCfg = Release|Any CPU
		{078F842B-5CF2-4F30-8F87-B0C47BAE7836}.Release|Any CPU.Build.0 = Release|Any CPU
		{885D10A9-85A8-4B4C-9CA0-DFB3127FE402}.Debug|Any CPU.ActiveCfg = Debug|Any CPU
		{885D10A9-85A8-4B4C-9CA0-DFB3127FE402}.Debug|Any CPU.Build.0 = Debug|Any CPU
		{885D10A9-85A8-4B4C-9CA0-DFB3127FE402}.Release|Any CPU.ActiveCfg = Release|Any CPU
		{885D10A9-85A8-4B4C-9CA0-DFB3127FE402}.Release|Any CPU.Build.0 = Release|Any CPU
	EndGlobalSection
	GlobalSection(SolutionProperties) = preSolution
		HideSolutionNode = FALSE
	EndGlobalSection
	GlobalSection(ExtensibilityGlobals) = postSolution
		SolutionGuid = {27803185-BF58-4558-A517-68C64602F925}
	EndGlobalSection
EndGlobal
