
Microsoft Visual Studio Solution File, Format Version 12.00
# Visual Studio Version 17
VisualStudioVersion = 17.6.33829.357
MinimumVisualStudioVersion = 10.0.40219.1
Project("{FAE04EC0-301F-11D3-BF4B-00C04F79EFBC}") = "ElDispositivo", "ElDispositivo\ElDispositivo.csproj", "{E9A9792C-E6BD-4384-9241-19E374FE93ED}"
EndProject
Project("{FAE04EC0-301F-11D3-BF4B-00C04F79EFBC}") = "Entidades", "Entidades\Entidades.csproj", "{E86EE6FF-A204-4D0B-AABC-307BF0F83F1C}"
EndProject
Project("{FAE04EC0-301F-11D3-BF4B-00C04F79EFBC}") = "Formulario", "Formulario\Formulario.csproj", "{0BEFDADA-A225-4DA4-B21F-D7E8AC1A1277}"
EndProject
Global
	GlobalSection(SolutionConfigurationPlatforms) = preSolution
		Debug|Any CPU = Debug|Any CPU
		Release|Any CPU = Release|Any CPU
	EndGlobalSection
	GlobalSection(ProjectConfigurationPlatforms) = postSolution
		{E9A9792C-E6BD-4384-9241-19E374FE93ED}.Debug|Any CPU.ActiveCfg = Debug|Any CPU
		{E9A9792C-E6BD-4384-9241-19E374FE93ED}.Debug|Any CPU.Build.0 = Debug|Any CPU
		{E9A9792C-E6BD-4384-9241-19E374FE93ED}.Release|Any CPU.ActiveCfg = Release|Any CPU
		{E9A9792C-E6BD-4384-9241-19E374FE93ED}.Release|Any CPU.Build.0 = Release|Any CPU
		{E86EE6FF-A204-4D0B-AABC-307BF0F83F1C}.Debug|Any CPU.ActiveCfg = Debug|Any CPU
		{E86EE6FF-A204-4D0B-AABC-307BF0F83F1C}.Debug|Any CPU.Build.0 = Debug|Any CPU
		{E86EE6FF-A204-4D0B-AABC-307BF0F83F1C}.Release|Any CPU.ActiveCfg = Release|Any CPU
		{E86EE6FF-A204-4D0B-AABC-307BF0F83F1C}.Release|Any CPU.Build.0 = Release|Any CPU
		{0BEFDADA-A225-4DA4-B21F-D7E8AC1A1277}.Debug|Any CPU.ActiveCfg = Debug|Any CPU
		{0BEFDADA-A225-4DA4-B21F-D7E8AC1A1277}.Debug|Any CPU.Build.0 = Debug|Any CPU
		{0BEFDADA-A225-4DA4-B21F-D7E8AC1A1277}.Release|Any CPU.ActiveCfg = Release|Any CPU
		{0BEFDADA-A225-4DA4-B21F-D7E8AC1A1277}.Release|Any CPU.Build.0 = Release|Any CPU
	EndGlobalSection
	GlobalSection(SolutionProperties) = preSolution
		HideSolutionNode = FALSE
	EndGlobalSection
	GlobalSection(ExtensibilityGlobals) = postSolution
		SolutionGuid = {A3C73C5B-E310-4AA7-9EEB-A28DFEBFAAF5}
	EndGlobalSection
EndGlobal
