
Microsoft Visual Studio Solution File, Format Version 12.00
# Visual Studio Version 17
VisualStudioVersion = 17.6.33829.357
MinimumVisualStudioVersion = 10.0.40219.1
Project("{9A19103F-16F7-4668-BE54-9A1E7A4F7556}") = "I01Sumador", "Ejercicio1Sumador\I01Sumador.csproj", "{47E039D9-E367-42D4-BF80-3E8EF795C4A5}"
EndProject
Project("{9A19103F-16F7-4668-BE54-9A1E7A4F7556}") = "Biblioteca", "Biblioteca\Biblioteca.csproj", "{740560AA-B2AA-4BDE-9606-BC69DAD07D1B}"
EndProject
Project("{9A19103F-16F7-4668-BE54-9A1E7A4F7556}") = "Billetes", "Billetes\Billetes.csproj", "{371DF1C9-0C09-4CCE-82FF-F50E68FDAF9A}"
EndProject
Project("{9A19103F-16F7-4668-BE54-9A1E7A4F7556}") = "I02Cotizador", "I02Cotizador\I02Cotizador.csproj", "{0DE37811-932A-4080-9C5D-2501EAECE921}"
EndProject
Project("{FAE04EC0-301F-11D3-BF4B-00C04F79EFBC}") = "C02LaEstanteria", "C02LaEstanteria\C02LaEstanteria.csproj", "{6D716A02-D115-46B2-91CB-F6333192A255}"
EndProject
Global
	GlobalSection(SolutionConfigurationPlatforms) = preSolution
		Debug|Any CPU = Debug|Any CPU
		Release|Any CPU = Release|Any CPU
	EndGlobalSection
	GlobalSection(ProjectConfigurationPlatforms) = postSolution
		{47E039D9-E367-42D4-BF80-3E8EF795C4A5}.Debug|Any CPU.ActiveCfg = Debug|Any CPU
		{47E039D9-E367-42D4-BF80-3E8EF795C4A5}.Debug|Any CPU.Build.0 = Debug|Any CPU
		{47E039D9-E367-42D4-BF80-3E8EF795C4A5}.Release|Any CPU.ActiveCfg = Release|Any CPU
		{47E039D9-E367-42D4-BF80-3E8EF795C4A5}.Release|Any CPU.Build.0 = Release|Any CPU
		{740560AA-B2AA-4BDE-9606-BC69DAD07D1B}.Debug|Any CPU.ActiveCfg = Debug|Any CPU
		{740560AA-B2AA-4BDE-9606-BC69DAD07D1B}.Debug|Any CPU.Build.0 = Debug|Any CPU
		{740560AA-B2AA-4BDE-9606-BC69DAD07D1B}.Release|Any CPU.ActiveCfg = Release|Any CPU
		{740560AA-B2AA-4BDE-9606-BC69DAD07D1B}.Release|Any CPU.Build.0 = Release|Any CPU
		{371DF1C9-0C09-4CCE-82FF-F50E68FDAF9A}.Debug|Any CPU.ActiveCfg = Debug|Any CPU
		{371DF1C9-0C09-4CCE-82FF-F50E68FDAF9A}.Debug|Any CPU.Build.0 = Debug|Any CPU
		{371DF1C9-0C09-4CCE-82FF-F50E68FDAF9A}.Release|Any CPU.ActiveCfg = Release|Any CPU
		{371DF1C9-0C09-4CCE-82FF-F50E68FDAF9A}.Release|Any CPU.Build.0 = Release|Any CPU
		{0DE37811-932A-4080-9C5D-2501EAECE921}.Debug|Any CPU.ActiveCfg = Debug|Any CPU
		{0DE37811-932A-4080-9C5D-2501EAECE921}.Debug|Any CPU.Build.0 = Debug|Any CPU
		{0DE37811-932A-4080-9C5D-2501EAECE921}.Release|Any CPU.ActiveCfg = Release|Any CPU
		{0DE37811-932A-4080-9C5D-2501EAECE921}.Release|Any CPU.Build.0 = Release|Any CPU
		{6D716A02-D115-46B2-91CB-F6333192A255}.Debug|Any CPU.ActiveCfg = Debug|Any CPU
		{6D716A02-D115-46B2-91CB-F6333192A255}.Debug|Any CPU.Build.0 = Debug|Any CPU
		{6D716A02-D115-46B2-91CB-F6333192A255}.Release|Any CPU.ActiveCfg = Release|Any CPU
		{6D716A02-D115-46B2-91CB-F6333192A255}.Release|Any CPU.Build.0 = Release|Any CPU
	EndGlobalSection
	GlobalSection(SolutionProperties) = preSolution
		HideSolutionNode = FALSE
	EndGlobalSection
	GlobalSection(ExtensibilityGlobals) = postSolution
		SolutionGuid = {1DB432CE-36B9-4579-9627-568333DA931A}
	EndGlobalSection
EndGlobal
