
Microsoft Visual Studio Solution File, Format Version 12.00
# Visual Studio Version 17
VisualStudioVersion = 17.6.33829.357
MinimumVisualStudioVersion = 10.0.40219.1
Project("{FAE04EC0-301F-11D3-BF4B-00C04F79EFBC}") = "Test", "Test\Test.csproj", "{2AB2EAB3-4427-4ECC-934A-542B81F0B468}"
EndProject
Project("{FAE04EC0-301F-11D3-BF4B-00C04F79EFBC}") = "Entidades", "Entidades\Entidades.csproj", "{7AA06324-5569-4CC2-B09F-949B4B610ED8}"
EndProject
Project("{FAE04EC0-301F-11D3-BF4B-00C04F79EFBC}") = "WinFormsApp1", "WinFormsApp1\WinFormsApp1.csproj", "{A3E256FB-87A1-42FB-9BF2-44334BDF349E}"
EndProject
Global
	GlobalSection(SolutionConfigurationPlatforms) = preSolution
		Debug|Any CPU = Debug|Any CPU
		Release|Any CPU = Release|Any CPU
	EndGlobalSection
	GlobalSection(ProjectConfigurationPlatforms) = postSolution
		{2AB2EAB3-4427-4ECC-934A-542B81F0B468}.Debug|Any CPU.ActiveCfg = Debug|Any CPU
		{2AB2EAB3-4427-4ECC-934A-542B81F0B468}.Debug|Any CPU.Build.0 = Debug|Any CPU
		{2AB2EAB3-4427-4ECC-934A-542B81F0B468}.Release|Any CPU.ActiveCfg = Release|Any CPU
		{2AB2EAB3-4427-4ECC-934A-542B81F0B468}.Release|Any CPU.Build.0 = Release|Any CPU
		{7AA06324-5569-4CC2-B09F-949B4B610ED8}.Debug|Any CPU.ActiveCfg = Debug|Any CPU
		{7AA06324-5569-4CC2-B09F-949B4B610ED8}.Debug|Any CPU.Build.0 = Debug|Any CPU
		{7AA06324-5569-4CC2-B09F-949B4B610ED8}.Release|Any CPU.ActiveCfg = Release|Any CPU
		{7AA06324-5569-4CC2-B09F-949B4B610ED8}.Release|Any CPU.Build.0 = Release|Any CPU
		{A3E256FB-87A1-42FB-9BF2-44334BDF349E}.Debug|Any CPU.ActiveCfg = Debug|Any CPU
		{A3E256FB-87A1-42FB-9BF2-44334BDF349E}.Debug|Any CPU.Build.0 = Debug|Any CPU
		{A3E256FB-87A1-42FB-9BF2-44334BDF349E}.Release|Any CPU.ActiveCfg = Release|Any CPU
		{A3E256FB-87A1-42FB-9BF2-44334BDF349E}.Release|Any CPU.Build.0 = Release|Any CPU
	EndGlobalSection
	GlobalSection(SolutionProperties) = preSolution
		HideSolutionNode = FALSE
	EndGlobalSection
	GlobalSection(ExtensibilityGlobals) = postSolution
		SolutionGuid = {DD60ABD4-84D2-4877-A8BA-9C92F6BB0378}
	EndGlobalSection
EndGlobal
