
Microsoft Visual Studio Solution File, Format Version 12.00
# Visual Studio Version 17
VisualStudioVersion = 17.6.33829.357
MinimumVisualStudioVersion = 10.0.40219.1
Project("{FAE04EC0-301F-11D3-BF4B-00C04F79EFBC}") = "Test_I01", "Test_I01\Test_I01.csproj", "{BD7AD40D-1AF9-4506-AF59-7E59295F77F6}"
EndProject
Project("{FAE04EC0-301F-11D3-BF4B-00C04F79EFBC}") = "Entidades", "Entidades\Entidades.csproj", "{C1F3AE8F-94A7-41A3-B322-7AB4CF4C5D0F}"
EndProject
Project("{FAE04EC0-301F-11D3-BF4B-00C04F79EFBC}") = "Test_I02", "Test_I02\Test_I02.csproj", "{0C79FBBC-39ED-414C-B546-E7CB49D2865D}"
EndProject
Global
	GlobalSection(SolutionConfigurationPlatforms) = preSolution
		Debug|Any CPU = Debug|Any CPU
		Release|Any CPU = Release|Any CPU
	EndGlobalSection
	GlobalSection(ProjectConfigurationPlatforms) = postSolution
		{BD7AD40D-1AF9-4506-AF59-7E59295F77F6}.Debug|Any CPU.ActiveCfg = Debug|Any CPU
		{BD7AD40D-1AF9-4506-AF59-7E59295F77F6}.Debug|Any CPU.Build.0 = Debug|Any CPU
		{BD7AD40D-1AF9-4506-AF59-7E59295F77F6}.Release|Any CPU.ActiveCfg = Release|Any CPU
		{BD7AD40D-1AF9-4506-AF59-7E59295F77F6}.Release|Any CPU.Build.0 = Release|Any CPU
		{C1F3AE8F-94A7-41A3-B322-7AB4CF4C5D0F}.Debug|Any CPU.ActiveCfg = Debug|Any CPU
		{C1F3AE8F-94A7-41A3-B322-7AB4CF4C5D0F}.Debug|Any CPU.Build.0 = Debug|Any CPU
		{C1F3AE8F-94A7-41A3-B322-7AB4CF4C5D0F}.Release|Any CPU.ActiveCfg = Release|Any CPU
		{C1F3AE8F-94A7-41A3-B322-7AB4CF4C5D0F}.Release|Any CPU.Build.0 = Release|Any CPU
		{0C79FBBC-39ED-414C-B546-E7CB49D2865D}.Debug|Any CPU.ActiveCfg = Debug|Any CPU
		{0C79FBBC-39ED-414C-B546-E7CB49D2865D}.Debug|Any CPU.Build.0 = Debug|Any CPU
		{0C79FBBC-39ED-414C-B546-E7CB49D2865D}.Release|Any CPU.ActiveCfg = Release|Any CPU
		{0C79FBBC-39ED-414C-B546-E7CB49D2865D}.Release|Any CPU.Build.0 = Release|Any CPU
	EndGlobalSection
	GlobalSection(SolutionProperties) = preSolution
		HideSolutionNode = FALSE
	EndGlobalSection
	GlobalSection(ExtensibilityGlobals) = postSolution
		SolutionGuid = {03031FC7-9B8F-4113-AD09-1D223AB8894D}
	EndGlobalSection
EndGlobal
