
Microsoft Visual Studio Solution File, Format Version 12.00
# Visual Studio Version 17
VisualStudioVersion = 17.6.33829.357
MinimumVisualStudioVersion = 10.0.40219.1
Project("{9A19103F-16F7-4668-BE54-9A1E7A4F7556}") = "Test", "Test\Test.csproj", "{6A6DF89A-035E-48E4-A4A5-42EC8285AC30}"
EndProject
Project("{FAE04EC0-301F-11D3-BF4B-00C04F79EFBC}") = "Hilos_Ejemplo1", "Hilos_Ejemplo1\Hilos_Ejemplo1.csproj", "{818094C2-84B0-4BD8-A64A-B6FE437B260A}"
EndProject
Global
	GlobalSection(SolutionConfigurationPlatforms) = preSolution
		Debug|Any CPU = Debug|Any CPU
		Release|Any CPU = Release|Any CPU
	EndGlobalSection
	GlobalSection(ProjectConfigurationPlatforms) = postSolution
		{6A6DF89A-035E-48E4-A4A5-42EC8285AC30}.Debug|Any CPU.ActiveCfg = Debug|Any CPU
		{6A6DF89A-035E-48E4-A4A5-42EC8285AC30}.Debug|Any CPU.Build.0 = Debug|Any CPU
		{6A6DF89A-035E-48E4-A4A5-42EC8285AC30}.Release|Any CPU.ActiveCfg = Release|Any CPU
		{6A6DF89A-035E-48E4-A4A5-42EC8285AC30}.Release|Any CPU.Build.0 = Release|Any CPU
		{818094C2-84B0-4BD8-A64A-B6FE437B260A}.Debug|Any CPU.ActiveCfg = Debug|Any CPU
		{818094C2-84B0-4BD8-A64A-B6FE437B260A}.Debug|Any CPU.Build.0 = Debug|Any CPU
		{818094C2-84B0-4BD8-A64A-B6FE437B260A}.Release|Any CPU.ActiveCfg = Release|Any CPU
		{818094C2-84B0-4BD8-A64A-B6FE437B260A}.Release|Any CPU.Build.0 = Release|Any CPU
	EndGlobalSection
	GlobalSection(SolutionProperties) = preSolution
		HideSolutionNode = FALSE
	EndGlobalSection
	GlobalSection(ExtensibilityGlobals) = postSolution
		SolutionGuid = {E05953B9-6858-4CF6-A47A-A790DADB70B9}
	EndGlobalSection
EndGlobal
